
Microsoft Visual Studio Solution File, Format Version 12.00
# Visual Studio Version 17
VisualStudioVersion = 17.3.32819.101
MinimumVisualStudioVersion = 10.0.40219.1
Project("{FAE04EC0-301F-11D3-BF4B-00C04F79EFBC}") = "AbstractMethod", "AbstractMethod\AbstractMethod.csproj", "{72EA3143-899B-49E3-B823-FAC6816B0802}"
EndProject
Global
	GlobalSection(SolutionConfigurationPlatforms) = preSolution
		Debug|Any CPU = Debug|Any CPU
		Release|Any CPU = Release|Any CPU
	EndGlobalSection
	GlobalSection(ProjectConfigurationPlatforms) = postSolution
		{72EA3143-899B-49E3-B823-FAC6816B0802}.Debug|Any CPU.ActiveCfg = Debug|Any CPU
		{72EA3143-899B-49E3-B823-FAC6816B0802}.Debug|Any CPU.Build.0 = Debug|Any CPU
		{72EA3143-899B-49E3-B823-FAC6816B0802}.Release|Any CPU.ActiveCfg = Release|Any CPU
		{72EA3143-899B-49E3-B823-FAC6816B0802}.Release|Any CPU.Build.0 = Release|Any CPU
	EndGlobalSection
	GlobalSection(SolutionProperties) = preSolution
		HideSolutionNode = FALSE
	EndGlobalSection
	GlobalSection(ExtensibilityGlobals) = postSolution
		SolutionGuid = {25EC542D-ADED-4F6C-B033-84BD72AD8E39}
	EndGlobalSection
EndGlobal
