
Microsoft Visual Studio Solution File, Format Version 12.00
# Visual Studio Version 17
VisualStudioVersion = 17.3.32819.101
MinimumVisualStudioVersion = 10.0.40219.1
Project("{FAE04EC0-301F-11D3-BF4B-00C04F79EFBC}") = "ConstructorDemo", "ConstructorDemo\ConstructorDemo.csproj", "{CF3816C5-C7E4-4F62-AF6B-36A9A6CB02FC}"
EndProject
Global
	GlobalSection(SolutionConfigurationPlatforms) = preSolution
		Debug|Any CPU = Debug|Any CPU
		Release|Any CPU = Release|Any CPU
	EndGlobalSection
	GlobalSection(ProjectConfigurationPlatforms) = postSolution
		{CF3816C5-C7E4-4F62-AF6B-36A9A6CB02FC}.Debug|Any CPU.ActiveCfg = Debug|Any CPU
		{CF3816C5-C7E4-4F62-AF6B-36A9A6CB02FC}.Debug|Any CPU.Build.0 = Debug|Any CPU
		{CF3816C5-C7E4-4F62-AF6B-36A9A6CB02FC}.Release|Any CPU.ActiveCfg = Release|Any CPU
		{CF3816C5-C7E4-4F62-AF6B-36A9A6CB02FC}.Release|Any CPU.Build.0 = Release|Any CPU
	EndGlobalSection
	GlobalSection(SolutionProperties) = preSolution
		HideSolutionNode = FALSE
	EndGlobalSection
	GlobalSection(ExtensibilityGlobals) = postSolution
		SolutionGuid = {FB748AE9-15DB-4A91-9B7E-94568343A8A6}
	EndGlobalSection
EndGlobal
