
Microsoft Visual Studio Solution File, Format Version 12.00
# Visual Studio Version 17
VisualStudioVersion = 17.4.33122.133
MinimumVisualStudioVersion = 10.0.40219.1
Project("{FAE04EC0-301F-11D3-BF4B-00C04F79EFBC}") = "Day3", "Day3\Day3.csproj", "{0238ED69-68DA-4250-B240-EE16390F9F7C}"
EndProject
Global
	GlobalSection(SolutionConfigurationPlatforms) = preSolution
		Debug|Any CPU = Debug|Any CPU
		Release|Any CPU = Release|Any CPU
	EndGlobalSection
	GlobalSection(ProjectConfigurationPlatforms) = postSolution
		{0238ED69-68DA-4250-B240-EE16390F9F7C}.Debug|Any CPU.ActiveCfg = Debug|Any CPU
		{0238ED69-68DA-4250-B240-EE16390F9F7C}.Debug|Any CPU.Build.0 = Debug|Any CPU
		{0238ED69-68DA-4250-B240-EE16390F9F7C}.Release|Any CPU.ActiveCfg = Release|Any CPU
		{0238ED69-68DA-4250-B240-EE16390F9F7C}.Release|Any CPU.Build.0 = Release|Any CPU
	EndGlobalSection
	GlobalSection(SolutionProperties) = preSolution
		HideSolutionNode = FALSE
	EndGlobalSection
	GlobalSection(ExtensibilityGlobals) = postSolution
		SolutionGuid = {6386B504-EAEB-4A94-8C6F-D7BD30C25362}
	EndGlobalSection
EndGlobal
